
Microsoft Visual Studio Solution File, Format Version 12.00
# Visual Studio Version 17
VisualStudioVersion = 17.5.002.0
MinimumVisualStudioVersion = 10.0.40219.1
Project("{9A19103F-16F7-4668-BE54-9A1E7A4F7556}") = "Exo.WebApi", "Exo.WebApi.csproj", "{67AD0E99-6A65-4AD4-9425-9041CF899E51}"
EndProject
Global
	GlobalSection(SolutionConfigurationPlatforms) = preSolution
		Debug|Any CPU = Debug|Any CPU
		Release|Any CPU = Release|Any CPU
	EndGlobalSection
	GlobalSection(ProjectConfigurationPlatforms) = postSolution
		{67AD0E99-6A65-4AD4-9425-9041CF899E51}.Debug|Any CPU.ActiveCfg = Debug|Any CPU
		{67AD0E99-6A65-4AD4-9425-9041CF899E51}.Debug|Any CPU.Build.0 = Debug|Any CPU
		{67AD0E99-6A65-4AD4-9425-9041CF899E51}.Release|Any CPU.ActiveCfg = Release|Any CPU
		{67AD0E99-6A65-4AD4-9425-9041CF899E51}.Release|Any CPU.Build.0 = Release|Any CPU
	EndGlobalSection
	GlobalSection(SolutionProperties) = preSolution
		HideSolutionNode = FALSE
	EndGlobalSection
	GlobalSection(ExtensibilityGlobals) = postSolution
		SolutionGuid = {00ECC87A-CD72-4D80-AA80-D73A5F30309E}
	EndGlobalSection
EndGlobal
